
Microsoft Visual Studio Solution File, Format Version 12.00
# Visual Studio Version 17
VisualStudioVersion = 17.7.34024.191
MinimumVisualStudioVersion = 10.0.40219.1
Project("{9A19103F-16F7-4668-BE54-9A1E7A4F7556}") = "Dados", "Dados\Dados.csproj", "{B960A675-D88E-45A5-9B43-578EB6CC9DEC}"
EndProject
Project("{9A19103F-16F7-4668-BE54-9A1E7A4F7556}") = "Objetos", "Objetos\Objetos.csproj", "{6CC21CF3-1D7D-4A2D-9AA5-61732A754501}"
EndProject
Project("{9A19103F-16F7-4668-BE54-9A1E7A4F7556}") = "Regras", "Regras\Regras.csproj", "{7A606374-C83E-4B39-B24B-D59CE0114B65}"
EndProject
Project("{9A19103F-16F7-4668-BE54-9A1E7A4F7556}") = "GerirHospital", "gh\GerirHospital.csproj", "{A4CFBDB5-5F3C-4EDB-97C9-1F7024EC4407}"
EndProject
Project("{9A19103F-16F7-4668-BE54-9A1E7A4F7556}") = "Testes", "Testes\Testes.csproj", "{AC2583EC-10F2-4578-8590-AF49E17E5A20}"
EndProject
Project("{9A19103F-16F7-4668-BE54-9A1E7A4F7556}") = "Excecoes", "Excecoes\Excecoes.csproj", "{9339B4A2-BC65-4911-8C0B-5D6F159E00E5}"
EndProject
Project("{FAE04EC0-301F-11D3-BF4B-00C04F79EFBC}") = "InputOutput", "InputOutput\InputOutput.csproj", "{F170C56B-E515-45DA-BE5E-331D0F6D9BAB}"
EndProject
Global
	GlobalSection(SolutionConfigurationPlatforms) = preSolution
		Debug|Any CPU = Debug|Any CPU
		Release|Any CPU = Release|Any CPU
	EndGlobalSection
	GlobalSection(ProjectConfigurationPlatforms) = postSolution
		{B960A675-D88E-45A5-9B43-578EB6CC9DEC}.Debug|Any CPU.ActiveCfg = Debug|Any CPU
		{B960A675-D88E-45A5-9B43-578EB6CC9DEC}.Debug|Any CPU.Build.0 = Debug|Any CPU
		{B960A675-D88E-45A5-9B43-578EB6CC9DEC}.Release|Any CPU.ActiveCfg = Release|Any CPU
		{B960A675-D88E-45A5-9B43-578EB6CC9DEC}.Release|Any CPU.Build.0 = Release|Any CPU
		{6CC21CF3-1D7D-4A2D-9AA5-61732A754501}.Debug|Any CPU.ActiveCfg = Debug|Any CPU
		{6CC21CF3-1D7D-4A2D-9AA5-61732A754501}.Debug|Any CPU.Build.0 = Debug|Any CPU
		{6CC21CF3-1D7D-4A2D-9AA5-61732A754501}.Release|Any CPU.ActiveCfg = Release|Any CPU
		{6CC21CF3-1D7D-4A2D-9AA5-61732A754501}.Release|Any CPU.Build.0 = Release|Any CPU
		{7A606374-C83E-4B39-B24B-D59CE0114B65}.Debug|Any CPU.ActiveCfg = Debug|Any CPU
		{7A606374-C83E-4B39-B24B-D59CE0114B65}.Debug|Any CPU.Build.0 = Debug|Any CPU
		{7A606374-C83E-4B39-B24B-D59CE0114B65}.Release|Any CPU.ActiveCfg = Release|Any CPU
		{7A606374-C83E-4B39-B24B-D59CE0114B65}.Release|Any CPU.Build.0 = Release|Any CPU
		{A4CFBDB5-5F3C-4EDB-97C9-1F7024EC4407}.Debug|Any CPU.ActiveCfg = Debug|Any CPU
		{A4CFBDB5-5F3C-4EDB-97C9-1F7024EC4407}.Debug|Any CPU.Build.0 = Debug|Any CPU
		{A4CFBDB5-5F3C-4EDB-97C9-1F7024EC4407}.Release|Any CPU.ActiveCfg = Release|Any CPU
		{A4CFBDB5-5F3C-4EDB-97C9-1F7024EC4407}.Release|Any CPU.Build.0 = Release|Any CPU
		{AC2583EC-10F2-4578-8590-AF49E17E5A20}.Debug|Any CPU.ActiveCfg = Debug|Any CPU
		{AC2583EC-10F2-4578-8590-AF49E17E5A20}.Debug|Any CPU.Build.0 = Debug|Any CPU
		{AC2583EC-10F2-4578-8590-AF49E17E5A20}.Release|Any CPU.ActiveCfg = Release|Any CPU
		{AC2583EC-10F2-4578-8590-AF49E17E5A20}.Release|Any CPU.Build.0 = Release|Any CPU
		{9339B4A2-BC65-4911-8C0B-5D6F159E00E5}.Debug|Any CPU.ActiveCfg = Debug|Any CPU
		{9339B4A2-BC65-4911-8C0B-5D6F159E00E5}.Debug|Any CPU.Build.0 = Debug|Any CPU
		{9339B4A2-BC65-4911-8C0B-5D6F159E00E5}.Release|Any CPU.ActiveCfg = Release|Any CPU
		{9339B4A2-BC65-4911-8C0B-5D6F159E00E5}.Release|Any CPU.Build.0 = Release|Any CPU
		{F170C56B-E515-45DA-BE5E-331D0F6D9BAB}.Debug|Any CPU.ActiveCfg = Debug|Any CPU
		{F170C56B-E515-45DA-BE5E-331D0F6D9BAB}.Debug|Any CPU.Build.0 = Debug|Any CPU
		{F170C56B-E515-45DA-BE5E-331D0F6D9BAB}.Release|Any CPU.ActiveCfg = Release|Any CPU
		{F170C56B-E515-45DA-BE5E-331D0F6D9BAB}.Release|Any CPU.Build.0 = Release|Any CPU
	EndGlobalSection
	GlobalSection(SolutionProperties) = preSolution
		HideSolutionNode = FALSE
	EndGlobalSection
	GlobalSection(ExtensibilityGlobals) = postSolution
		SolutionGuid = {D3711BFA-59FB-4C99-AB6E-6EC5C6CB26E1}
	EndGlobalSection
EndGlobal
